
Microsoft Visual Studio Solution File, Format Version 12.00
# Visual Studio 2015
Project("{FAE04EC0-301F-11D3-BF4B-00C04F79EFBC}") = "PlaceholderUnityVRProject.CSharp.Plugins", "PlaceholderUnityVRProject.CSharp.Plugins.csproj", "{741100FC-4288-C692-53E0-952DC186E1CA}"
EndProject
Project("{FAE04EC0-301F-11D3-BF4B-00C04F79EFBC}") = "PlaceholderUnityVRProject.CSharp", "PlaceholderUnityVRProject.CSharp.csproj", "{0D9CBBC1-4232-4BD7-CFA1-1207C8D127F5}"
EndProject
Project("{FAE04EC0-301F-11D3-BF4B-00C04F79EFBC}") = "PlaceholderUnityVRProject.CSharp.Editor", "PlaceholderUnityVRProject.CSharp.Editor.csproj", "{925F3E46-EA08-E75B-E46F-5C35FD4F7D0C}"
EndProject
Global
	GlobalSection(SolutionConfigurationPlatforms) = preSolution
		Debug|Any CPU = Debug|Any CPU
		Release|Any CPU = Release|Any CPU
	EndGlobalSection
	GlobalSection(ProjectConfigurationPlatforms) = postSolution
		{741100FC-4288-C692-53E0-952DC186E1CA}.Debug|Any CPU.ActiveCfg = Debug|Any CPU
		{741100FC-4288-C692-53E0-952DC186E1CA}.Debug|Any CPU.Build.0 = Debug|Any CPU
		{741100FC-4288-C692-53E0-952DC186E1CA}.Release|Any CPU.ActiveCfg = Release|Any CPU
		{741100FC-4288-C692-53E0-952DC186E1CA}.Release|Any CPU.Build.0 = Release|Any CPU
		{0D9CBBC1-4232-4BD7-CFA1-1207C8D127F5}.Debug|Any CPU.ActiveCfg = Debug|Any CPU
		{0D9CBBC1-4232-4BD7-CFA1-1207C8D127F5}.Debug|Any CPU.Build.0 = Debug|Any CPU
		{0D9CBBC1-4232-4BD7-CFA1-1207C8D127F5}.Release|Any CPU.ActiveCfg = Release|Any CPU
		{0D9CBBC1-4232-4BD7-CFA1-1207C8D127F5}.Release|Any CPU.Build.0 = Release|Any CPU
		{925F3E46-EA08-E75B-E46F-5C35FD4F7D0C}.Debug|Any CPU.ActiveCfg = Debug|Any CPU
		{925F3E46-EA08-E75B-E46F-5C35FD4F7D0C}.Debug|Any CPU.Build.0 = Debug|Any CPU
		{925F3E46-EA08-E75B-E46F-5C35FD4F7D0C}.Release|Any CPU.ActiveCfg = Release|Any CPU
		{925F3E46-EA08-E75B-E46F-5C35FD4F7D0C}.Release|Any CPU.Build.0 = Release|Any CPU
	EndGlobalSection
	GlobalSection(SolutionProperties) = preSolution
		HideSolutionNode = FALSE
	EndGlobalSection
EndGlobal
